{
  "version": "4",
  "specifiers": {
    "jsr:@astral/astral@~0.4.6": "0.4.8",
    "jsr:@b-fuze/deno-dom@~0.1.48": "0.1.48",
    "jsr:@deno-library/progress@1.4.9": "1.4.9",
    "jsr:@panha/scrape@2": "2.0.0",
    "jsr:@std/assert@0.223": "0.223.0",
    "jsr:@std/assert@1": "1.0.6",
    "jsr:@std/async@0.223.0": "0.223.0",
    "jsr:@std/fmt@0.221.0": "0.221.0",
    "jsr:@std/fs@0.223.0": "0.223.0",
    "jsr:@std/internal@^1.0.4": "1.0.4",
    "jsr:@std/path@0.223.0": "0.223.0",
    "jsr:@zip-js/zip-js@2.7.41": "2.7.41"
  },
  "jsr": {
    "@astral/astral@0.4.8": {
      "integrity": "7eb1f4e6d56ec9d5f4565cb2b7f166dc43ab0cbeffd49e5a9248094d2666fdd4",
      "dependencies": [
        "jsr:@deno-library/progress",
        "jsr:@std/async",
        "jsr:@std/fs",
        "jsr:@std/path",
        "jsr:@zip-js/zip-js"
      ]
    },
    "@b-fuze/deno-dom@0.1.48": {
      "integrity": "bf5b591aef2e9e9c59adfcbb93a9ecd45bab5b7c8263625beafa5c8f1662e7da"
    },
    "@deno-library/progress@1.4.9": {
      "integrity": "86db695ae338cb1ae3ffa46d6f2e6a9cdef33a15c2ace6fa25354a91a9dd3909",
      "dependencies": [
        "jsr:@std/fmt"
      ]
    },
    "@panha/scrape@2.0.0": {
      "integrity": "e5d44b6dad99fd553d6130b3b449675859e7b1d809ba85b1c266ca3429a12a89",
      "dependencies": [
        "jsr:@astral/astral",
        "jsr:@b-fuze/deno-dom"
      ]
    },
    "@std/assert@0.223.0": {
      "integrity": "eb8d6d879d76e1cc431205bd346ed4d88dc051c6366365b1af47034b0670be24"
    },
    "@std/assert@1.0.6": {
      "integrity": "1904c05806a25d94fe791d6d883b685c9e2dcd60e4f9fc30f4fc5cf010c72207",
      "dependencies": [
        "jsr:@std/internal"
      ]
    },
    "@std/async@0.223.0": {
      "integrity": "b42f635d89fb8f9e0e7dc258fbc8f33233e4977f61e0b20da08a8b51fd7b2c5d",
      "dependencies": [
        "jsr:@std/assert@0.223"
      ]
    },
    "@std/fmt@0.221.0": {
      "integrity": "379fed69bdd9731110f26b9085aeb740606b20428ce6af31ef6bd45ef8efa62a"
    },
    "@std/fs@0.223.0": {
      "integrity": "3b4b0550b2c524cbaaa5a9170c90e96cbb7354e837ad1bdaf15fc9df1ae9c31c"
    },
    "@std/internal@1.0.4": {
      "integrity": "62e8e4911527e5e4f307741a795c0b0a9e6958d0b3790716ae71ce085f755422"
    },
    "@std/path@0.223.0": {
      "integrity": "593963402d7e6597f5a6e620931661053572c982fc014000459edc1f93cc3989",
      "dependencies": [
        "jsr:@std/assert@0.223"
      ]
    },
    "@zip-js/zip-js@2.7.41": {
      "integrity": "a883116c1b46673de643f9cd3b6619d746271b96cd9a8e2b9d0bb8353d764d3d"
    }
  },
  "redirects": {
    "https://deno.land/x/axiod/mod.ts": "https://deno.land/x/axiod@0.26.2/mod.ts",
    "https://deno.land/x/jsonfile/mod.ts": "https://deno.land/x/jsonfile@1.0.0/mod.ts"
  },
  "remote": {
    "https://deno.land/x/axiod@0.26.2/helpers.ts": "467f2ca75608f368c8092e800eab0d6d79b3fa42346372be62a5b93acf50fe7e",
    "https://deno.land/x/axiod@0.26.2/interfaces.ts": "1b5a7b70b1e7faecd2f251ad080bd87188fba585e2de667af472c4d72abf636e",
    "https://deno.land/x/axiod@0.26.2/mod.ts": "1175ec90a040d764b9940753f8d8e3f37a2328a0536eed48e411a8f1a3e9e5cb",
    "https://deno.land/x/axiod@0.26.2/mods/url-join.ts": "c925b2dd0bd490093d084bd4c74a9502260e014d5e760a4951b3e7c8ab3ca43f",
    "https://deno.land/x/jsonfile@1.0.0/mod.ts": "e9c1125d58078de9dc4b3ef43bcc644375af26bef565b7f623df706e97d76087",
    "https://deno.land/x/jsonfile@1.0.0/read_json.ts": "bbf7fa8f559e8540a8bbb837078a4f2b6b3e5d94dfc7c9aaf752ab9e1a00f029",
    "https://deno.land/x/jsonfile@1.0.0/write_json.ts": "89a6231f51a6759dfff8f1f5534d030c2239c22fc9f3c0b3305d424f4f1d5604",
    "https://deno.land/x/url_join@1.0.0/mod.ts": "d3c7007e3ab15594e54d5b90dce623b3e274a726e0cdf57858e7ecab77a0166c"
  },
  "workspace": {
    "dependencies": [
      "jsr:@panha/scrape@2",
      "jsr:@std/assert@1"
    ]
  }
}
